
Microsoft Visual Studio Solution File, Format Version 12.00
# Visual Studio 2013
VisualStudioVersion = 12.0.30501.0
MinimumVisualStudioVersion = 10.0.40219.1
Project("{FAE04EC0-301F-11D3-BF4B-00C04F79EFBC}") = "ArrayListExample", "ArrayListExample.csproj", "{2BF6A8D3-1042-4B7D-81A9-30860D7AA7BC}"
EndProject
Global
	GlobalSection(SolutionConfigurationPlatforms) = preSolution
		Debug|Any CPU = Debug|Any CPU
		Release|Any CPU = Release|Any CPU
	EndGlobalSection
	GlobalSection(ProjectConfigurationPlatforms) = postSolution
		{2BF6A8D3-1042-4B7D-81A9-30860D7AA7BC}.Debug|Any CPU.ActiveCfg = Debug|Any CPU
		{2BF6A8D3-1042-4B7D-81A9-30860D7AA7BC}.Debug|Any CPU.Build.0 = Debug|Any CPU
		{2BF6A8D3-1042-4B7D-81A9-30860D7AA7BC}.Release|Any CPU.ActiveCfg = Release|Any CPU
		{2BF6A8D3-1042-4B7D-81A9-30860D7AA7BC}.Release|Any CPU.Build.0 = Release|Any CPU
	EndGlobalSection
	GlobalSection(SolutionProperties) = preSolution
		HideSolutionNode = FALSE
	EndGlobalSection
EndGlobal
